
Microsoft Visual Studio Solution File, Format Version 12.00
# Visual Studio 14
VisualStudioVersion = 14.0.23107.0
MinimumVisualStudioVersion = 10.0.40219.1
Project("{FAE04EC0-301F-11D3-BF4B-00C04F79EFBC}") = "Permutation", "Permutation\Permutation.csproj", "{29F128D1-30B2-4978-950B-31014F8ACCB2}"
EndProject
Project("{FAE04EC0-301F-11D3-BF4B-00C04F79EFBC}") = "Permutation.Tests.Console", "Permutation.Tests.Console\Permutation.Tests.Console.csproj", "{87771E56-D7DA-4192-82F5-62A8F6409CB9}"
EndProject
Project("{FAE04EC0-301F-11D3-BF4B-00C04F79EFBC}") = "Permutation.Tests", "Permutation.Tests\Permutation.Tests.csproj", "{9E7A0156-8DBE-4DE4-8CBC-9D2C1BED2CD5}"
EndProject
Global
	GlobalSection(SolutionConfigurationPlatforms) = preSolution
		Debug|Any CPU = Debug|Any CPU
		Release|Any CPU = Release|Any CPU
	EndGlobalSection
	GlobalSection(ProjectConfigurationPlatforms) = postSolution
		{29F128D1-30B2-4978-950B-31014F8ACCB2}.Debug|Any CPU.ActiveCfg = Debug|Any CPU
		{29F128D1-30B2-4978-950B-31014F8ACCB2}.Debug|Any CPU.Build.0 = Debug|Any CPU
		{29F128D1-30B2-4978-950B-31014F8ACCB2}.Release|Any CPU.ActiveCfg = Release|Any CPU
		{29F128D1-30B2-4978-950B-31014F8ACCB2}.Release|Any CPU.Build.0 = Release|Any CPU
		{87771E56-D7DA-4192-82F5-62A8F6409CB9}.Debug|Any CPU.ActiveCfg = Debug|Any CPU
		{87771E56-D7DA-4192-82F5-62A8F6409CB9}.Debug|Any CPU.Build.0 = Debug|Any CPU
		{87771E56-D7DA-4192-82F5-62A8F6409CB9}.Release|Any CPU.ActiveCfg = Release|Any CPU
		{87771E56-D7DA-4192-82F5-62A8F6409CB9}.Release|Any CPU.Build.0 = Release|Any CPU
		{9E7A0156-8DBE-4DE4-8CBC-9D2C1BED2CD5}.Debug|Any CPU.ActiveCfg = Debug|Any CPU
		{9E7A0156-8DBE-4DE4-8CBC-9D2C1BED2CD5}.Debug|Any CPU.Build.0 = Debug|Any CPU
		{9E7A0156-8DBE-4DE4-8CBC-9D2C1BED2CD5}.Release|Any CPU.ActiveCfg = Release|Any CPU
		{9E7A0156-8DBE-4DE4-8CBC-9D2C1BED2CD5}.Release|Any CPU.Build.0 = Release|Any CPU
	EndGlobalSection
	GlobalSection(SolutionProperties) = preSolution
		HideSolutionNode = FALSE
	EndGlobalSection
EndGlobal
